
Microsoft Visual Studio Solution File, Format Version 12.00
# Visual Studio 15
VisualStudioVersion = 15.0.26403.7
MinimumVisualStudioVersion = 10.0.40219.1
Project("{FAE04EC0-301F-11D3-BF4B-00C04F79EFBC}") = "Moto.Api", "Moto.Api\Moto.Api.csproj", "{23D98D7E-84FF-4D60-87CD-8D79B5D7338F}"
EndProject
Project("{FAE04EC0-301F-11D3-BF4B-00C04F79EFBC}") = "Moto.App", "Moto.App\Moto.App.csproj", "{8F1A4114-66A2-48AD-AA33-B82A0DF14D11}"
EndProject
Global
	GlobalSection(SolutionConfigurationPlatforms) = preSolution
		Debug|Any CPU = Debug|Any CPU
		Release|Any CPU = Release|Any CPU
	EndGlobalSection
	GlobalSection(ProjectConfigurationPlatforms) = postSolution
		{23D98D7E-84FF-4D60-87CD-8D79B5D7338F}.Debug|Any CPU.ActiveCfg = Debug|Any CPU
		{23D98D7E-84FF-4D60-87CD-8D79B5D7338F}.Debug|Any CPU.Build.0 = Debug|Any CPU
		{23D98D7E-84FF-4D60-87CD-8D79B5D7338F}.Release|Any CPU.ActiveCfg = Release|Any CPU
		{23D98D7E-84FF-4D60-87CD-8D79B5D7338F}.Release|Any CPU.Build.0 = Release|Any CPU
		{8F1A4114-66A2-48AD-AA33-B82A0DF14D11}.Debug|Any CPU.ActiveCfg = Debug|Any CPU
		{8F1A4114-66A2-48AD-AA33-B82A0DF14D11}.Debug|Any CPU.Build.0 = Debug|Any CPU
		{8F1A4114-66A2-48AD-AA33-B82A0DF14D11}.Release|Any CPU.ActiveCfg = Release|Any CPU
		{8F1A4114-66A2-48AD-AA33-B82A0DF14D11}.Release|Any CPU.Build.0 = Release|Any CPU
	EndGlobalSection
	GlobalSection(SolutionProperties) = preSolution
		HideSolutionNode = FALSE
	EndGlobalSection
EndGlobal
